{
  "name": "vitepress-theme-huasi",
  "version": "0.1.1",
  "lockfileVersion": 3,
  "requires": true,
  "packages": {
    "": {
      "name": "vitepress-theme-huasi",
      "version": "0.1.1",
      "license": "MIT",
      "dependencies": {
        "tailwindcss-primeui": "^0.3.4"
      },
      "devDependencies": {
        "autoprefixer": "^10.4.20",
        "postcss": "^8.4.47",
        "primevue": "^4.1.1",
        "tailwindcss": "^3.4.14",
        "vitepress": "^1.4.1",
        "vue": "^3.5.12"
      }
    },
    "../../node_modules/.pnpm/autoprefixer@10.4.20_postcss@8.4.47/node_modules/autoprefixer": {
      "version": "10.4.20",
      "dev": true,
      "funding": [
        {
          "type": "opencollective",
          "url": "https://opencollective.com/postcss/"
        },
        {
          "type": "tidelift",
          "url": "https://tidelift.com/funding/github/npm/autoprefixer"
        },
        {
          "type": "github",
          "url": "https://github.com/sponsors/ai"
        }
      ],
      "license": "MIT",
      "dependencies": {
        "browserslist": "^4.23.3",
        "caniuse-lite": "^1.0.30001646",
        "fraction.js": "^4.3.7",
        "normalize-range": "^0.1.2",
        "picocolors": "^1.0.1",
        "postcss-value-parser": "^4.2.0"
      },
      "bin": {
        "autoprefixer": "bin/autoprefixer"
      },
      "engines": {
        "node": "^10 || ^12 || >=14"
      },
      "peerDependencies": {
        "postcss": "^8.1.0"
      }
    },
    "../../node_modules/.pnpm/postcss@8.4.47/node_modules/postcss": {
      "version": "8.4.47",
      "dev": true,
      "funding": [
        {
          "type": "opencollective",
          "url": "https://opencollective.com/postcss/"
        },
        {
          "type": "tidelift",
          "url": "https://tidelift.com/funding/github/npm/postcss"
        },
        {
          "type": "github",
          "url": "https://github.com/sponsors/ai"
        }
      ],
      "license": "MIT",
      "dependencies": {
        "nanoid": "^3.3.7",
        "picocolors": "^1.1.0",
        "source-map-js": "^1.2.1"
      },
      "engines": {
        "node": "^10 || ^12 || >=14"
      }
    },
    "../../node_modules/.pnpm/tailwindcss@3.4.14/node_modules/tailwindcss": {
      "version": "3.4.14",
      "license": "MIT",
      "dependencies": {
        "@alloc/quick-lru": "^5.2.0",
        "arg": "^5.0.2",
        "chokidar": "^3.5.3",
        "didyoumean": "^1.2.2",
        "dlv": "^1.1.3",
        "fast-glob": "^3.3.0",
        "glob-parent": "^6.0.2",
        "is-glob": "^4.0.3",
        "jiti": "^1.21.0",
        "lilconfig": "^2.1.0",
        "micromatch": "^4.0.5",
        "normalize-path": "^3.0.0",
        "object-hash": "^3.0.0",
        "picocolors": "^1.0.0",
        "postcss": "^8.4.23",
        "postcss-import": "^15.1.0",
        "postcss-js": "^4.0.1",
        "postcss-load-config": "^4.0.1",
        "postcss-nested": "^6.0.1",
        "postcss-selector-parser": "^6.0.11",
        "resolve": "^1.22.2",
        "sucrase": "^3.32.0"
      },
      "bin": {
        "tailwind": "lib/cli.js",
        "tailwindcss": "lib/cli.js"
      },
      "devDependencies": {
        "@swc/cli": "^0.1.62",
        "@swc/core": "^1.3.55",
        "@swc/jest": "^0.2.26",
        "@swc/register": "^0.1.10",
        "autoprefixer": "^10.4.14",
        "browserslist": "^4.21.5",
        "concurrently": "^8.0.1",
        "cssnano": "^6.1.2",
        "esbuild": "^0.20.2",
        "eslint": "^8.39.0",
        "eslint-config-prettier": "^8.8.0",
        "eslint-plugin-prettier": "^4.2.1",
        "jest": "^29.6.0",
        "jest-diff": "^29.6.0",
        "lightningcss": "1.24.1",
        "prettier": "^2.8.8",
        "rimraf": "^5.0.0",
        "source-map-js": "^1.0.2",
        "turbo": "^1.9.3"
      },
      "engines": {
        "node": ">=14.0.0"
      }
    },
    "../../node_modules/.pnpm/vitepress@1.4.1_@algolia+client-search@4.24.0_postcss@8.4.47_search-insights@2.17.2/node_modules/vitepress": {
      "version": "1.4.1",
      "dev": true,
      "license": "MIT",
      "dependencies": {
        "@docsearch/css": "^3.6.2",
        "@docsearch/js": "^3.6.2",
        "@shikijs/core": "^1.22.0",
        "@shikijs/transformers": "^1.22.0",
        "@shikijs/types": "^1.22.0",
        "@types/markdown-it": "^14.1.2",
        "@vitejs/plugin-vue": "^5.1.4",
        "@vue/devtools-api": "^7.4.6",
        "@vue/shared": "^3.5.12",
        "@vueuse/core": "^11.1.0",
        "@vueuse/integrations": "^11.1.0",
        "focus-trap": "^7.6.0",
        "mark.js": "8.11.1",
        "minisearch": "^7.1.0",
        "shiki": "^1.22.0",
        "vite": "^5.4.8",
        "vue": "^3.5.12"
      },
      "bin": {
        "vitepress": "bin/vitepress.js"
      },
      "devDependencies": {
        "@clack/prompts": "^0.7.0",
        "@mdit-vue/plugin-component": "^2.1.3",
        "@mdit-vue/plugin-frontmatter": "^2.1.3",
        "@mdit-vue/plugin-headers": "^2.1.3",
        "@mdit-vue/plugin-sfc": "^2.1.3",
        "@mdit-vue/plugin-title": "^2.1.3",
        "@mdit-vue/plugin-toc": "^2.1.3",
        "@mdit-vue/shared": "^2.1.3",
        "@polka/compression": "^1.0.0-next.28",
        "@rollup/plugin-alias": "^5.1.1",
        "@rollup/plugin-commonjs": "^28.0.0",
        "@rollup/plugin-json": "^6.1.0",
        "@rollup/plugin-node-resolve": "^15.3.0",
        "@rollup/plugin-replace": "^6.0.1",
        "@types/cross-spawn": "^6.0.6",
        "@types/debug": "^4.1.12",
        "@types/fs-extra": "^11.0.4",
        "@types/lodash.template": "^4.5.3",
        "@types/mark.js": "^8.11.12",
        "@types/markdown-it-attrs": "^4.1.3",
        "@types/markdown-it-container": "^2.0.10",
        "@types/markdown-it-emoji": "^3.0.1",
        "@types/micromatch": "^4.0.9",
        "@types/minimist": "^1.2.5",
        "@types/node": "^22.7.5",
        "@types/postcss-prefix-selector": "^1.16.3",
        "@types/prompts": "^2.4.9",
        "chokidar": "^3.6.0",
        "conventional-changelog-cli": "^5.0.0",
        "cross-spawn": "^7.0.3",
        "debug": "^4.3.7",
        "esbuild": "^0.24.0",
        "execa": "^9.4.0",
        "fs-extra": "^11.2.0",
        "get-port": "^7.1.0",
        "gray-matter": "^4.0.3",
        "lint-staged": "^15.2.10",
        "lodash.template": "^4.5.0",
        "lru-cache": "^11.0.1",
        "markdown-it": "^14.1.0",
        "markdown-it-anchor": "^9.2.0",
        "markdown-it-attrs": "^4.2.0",
        "markdown-it-container": "^4.0.0",
        "markdown-it-emoji": "^3.0.0",
        "markdown-it-mathjax3": "^4.3.2",
        "micromatch": "^4.0.8",
        "minimist": "^1.2.8",
        "nanoid": "^5.0.7",
        "ora": "^8.1.0",
        "p-map": "^7.0.2",
        "path-to-regexp": "^6.3.0",
        "picocolors": "^1.1.0",
        "pkg-dir": "^8.0.0",
        "playwright-chromium": "^1.48.0",
        "polka": "^1.0.0-next.28",
        "postcss-prefix-selector": "^2.1.0",
        "prettier": "^3.3.3",
        "prompts": "^2.4.2",
        "punycode": "^2.3.1",
        "rimraf": "^6.0.1",
        "rollup": "^4.24.0",
        "rollup-plugin-dts": "^6.1.1",
        "rollup-plugin-esbuild": "^6.1.1",
        "semver": "^7.6.3",
        "simple-git-hooks": "^2.11.1",
        "sirv": "^3.0.0",
        "sitemap": "^8.0.0",
        "supports-color": "^9.4.0",
        "tinyglobby": "^0.2.9",
        "typescript": "^5.6.3",
        "vitest": "^2.1.2",
        "vue-tsc": "^2.1.6",
        "wait-on": "^8.0.1"
      },
      "peerDependencies": {
        "markdown-it-mathjax3": "^4",
        "postcss": "^8"
      },
      "peerDependenciesMeta": {
        "markdown-it-mathjax3": {
          "optional": true
        },
        "postcss": {
          "optional": true
        }
      }
    },
    "../../node_modules/.pnpm/vue@3.5.12/node_modules/vue": {
      "version": "3.5.12",
      "dev": true,
      "license": "MIT",
      "dependencies": {
        "@vue/compiler-dom": "3.5.12",
        "@vue/compiler-sfc": "3.5.12",
        "@vue/runtime-dom": "3.5.12",
        "@vue/server-renderer": "3.5.12",
        "@vue/shared": "3.5.12"
      },
      "peerDependencies": {
        "typescript": "*"
      },
      "peerDependenciesMeta": {
        "typescript": {
          "optional": true
        }
      }
    },
    "node_modules/@primeuix/styled": {
      "version": "0.2.0",
      "resolved": "https://registry.npmjs.org/@primeuix/styled/-/styled-0.2.0.tgz",
      "integrity": "sha512-3Q6bDrmwTW88tzJsFIFenC0VyXLj0+/wYw+TZnJ/4CCDfehR4WfTs4EZdpuFtYqvmbpJ6zWXAiwSCNdSYTZkyA==",
      "dev": true,
      "license": "MIT",
      "dependencies": {
        "@primeuix/utils": "^0.2.0"
      },
      "engines": {
        "node": ">=12.11.0"
      }
    },
    "node_modules/@primeuix/utils": {
      "version": "0.2.0",
      "resolved": "https://registry.npmjs.org/@primeuix/utils/-/utils-0.2.0.tgz",
      "integrity": "sha512-AaDIeRFlsbkVTk2s0mlEjnGSLi31X669NVwo+n+AVAnBdDiQznjipNTpHbOobVBtjOKZize74PChK6uoaSBRUw==",
      "dev": true,
      "license": "MIT",
      "engines": {
        "node": ">=12.11.0"
      }
    },
    "node_modules/@primevue/core": {
      "version": "4.1.1",
      "resolved": "https://registry.npmjs.org/@primevue/core/-/core-4.1.1.tgz",
      "integrity": "sha512-jUDrTh3g0FskTdD6rCCsoWfxKky0R7959p7vnaNYI6wMLreaTL3yC3nzYlEniIpb+F51Sm3KJ1eSJBN6DnSB8Q==",
      "dev": true,
      "license": "MIT",
      "dependencies": {
        "@primeuix/styled": "^0.2.0",
        "@primeuix/utils": "^0.2.0"
      },
      "engines": {
        "node": ">=12.11.0"
      },
      "peerDependencies": {
        "vue": "^3.0.0"
      }
    },
    "node_modules/@primevue/icons": {
      "version": "4.1.1",
      "resolved": "https://registry.npmjs.org/@primevue/icons/-/icons-4.1.1.tgz",
      "integrity": "sha512-Ybeb+AHUsVybITuYNwS7goqWcXLLgCDSiCPoymyYwYkzn5qLakvJbQH1EX8lGOsrvqK0hG+s+n7Wm2MHJ8A72w==",
      "dev": true,
      "license": "MIT",
      "dependencies": {
        "@primeuix/utils": "^0.2.0",
        "@primevue/core": "4.1.1"
      },
      "engines": {
        "node": ">=12.11.0"
      }
    },
    "node_modules/autoprefixer": {
      "resolved": "../../node_modules/.pnpm/autoprefixer@10.4.20_postcss@8.4.47/node_modules/autoprefixer",
      "link": true
    },
    "node_modules/postcss": {
      "resolved": "../../node_modules/.pnpm/postcss@8.4.47/node_modules/postcss",
      "link": true
    },
    "node_modules/primevue": {
      "version": "4.1.1",
      "resolved": "https://registry.npmjs.org/primevue/-/primevue-4.1.1.tgz",
      "integrity": "sha512-FeJkv7FhfePfUBoApW0qAhid6Znq18VgbGFZdmhUcxvOD49Y2Eo/k2Yn7ypPhRbRApWiaSRN0v/2G1I4AMj3xg==",
      "dev": true,
      "license": "MIT",
      "dependencies": {
        "@primeuix/styled": "^0.2.0",
        "@primeuix/utils": "^0.2.0",
        "@primevue/core": "4.1.1",
        "@primevue/icons": "4.1.1"
      },
      "engines": {
        "node": ">=12.11.0"
      }
    },
    "node_modules/tailwindcss": {
      "resolved": "../../node_modules/.pnpm/tailwindcss@3.4.14/node_modules/tailwindcss",
      "link": true
    },
    "node_modules/tailwindcss-primeui": {
      "version": "0.3.4",
      "resolved": "https://registry.npmjs.org/tailwindcss-primeui/-/tailwindcss-primeui-0.3.4.tgz",
      "integrity": "sha512-5+Qfoe5Kpq2Iwrd6umBUb3rQH6b7+pL4jxJUId0Su5agUM6TwCyH5Pyl9R0y3QQB3IRuTxBNmeS11B41f+30zw==",
      "license": "MIT",
      "peerDependencies": {
        "tailwindcss": ">=3.1.0"
      }
    },
    "node_modules/vitepress": {
      "resolved": "../../node_modules/.pnpm/vitepress@1.4.1_@algolia+client-search@4.24.0_postcss@8.4.47_search-insights@2.17.2/node_modules/vitepress",
      "link": true
    },
    "node_modules/vue": {
      "resolved": "../../node_modules/.pnpm/vue@3.5.12/node_modules/vue",
      "link": true
    }
  }
}
